lockfileVersion: '9.0'

settings:
  autoInstallPeers: true
  excludeLinksFromLockfile: false

importers:

  .:
    devDependencies:
      turbo:
        specifier: ^2.7.3
        version: 2.7.3

  packages/package1:
    dependencies:
      react:
        specifier: ^19.2
        version: 19.2.3

  packages/package2:
    dependencies:
      denvig:
        specifier: 0.3.0
        version: 0.3.0
      react:
        specifier: ^19.2.0
        version: 19.2.3

  packages/package3:
    dependencies:
      react:
        specifier: ^18
        version: 18.3.1

packages:

  denvig@0.3.0:
    resolution: {integrity: sha512-vyQTvbS/xILhh+qY+BdUrqjLSJXyLXI+CNHBMLg7Fz6Zp9+iosUtF2SEBfGNVNpHtjT7gIw3GeWVoLFQcalULw==}
    engines: {node: '>=22'}
    hasBin: true

  js-tokens@4.0.0:
    resolution: {integrity: sha512-RdJUflcE3cUzKiMqQgsCu06FPu9UdIJO0beYbPhHN4k6apgJtifcoCtT9bcxOpYBtpD2kCM6Sbzg4CausW/PKQ==}

  loose-envify@1.4.0:
    resolution: {integrity: sha512-lyuxPGr/Wfhrlem2CL/UcnUc1zcqKAImBDzukY7Y5F/yQiNdko6+fRLevlw1HgMySw7f611UIY408EtxRSoK3Q==}
    hasBin: true

  minimist@1.2.8:
    resolution: {integrity: sha512-2yyAR8qBkN3YuheJanUpWC5U3bb5osDywNB8RzDVlDwDHbocAJveqqj1u8+SVD7jkWT4yvsHCpWqqWqAxb0zCA==}

  react@18.3.1:
    resolution: {integrity: sha512-wS+hAgJShR0KhEvPJArfuPVN1+Hz1t0Y6n5jLrGQbkb4urgPE/0Rve+1kMB1v/oWgHgm4WIcV+i7F2pTVj+2iQ==}
    engines: {node: '>=0.10.0'}

  react@19.2.3:
    resolution: {integrity: sha512-Ku/hhYbVjOQnXDZFv2+RibmLFGwFdeeKHFcOTlrt7xplBnya5OGn/hIRDsqDiSUcfORsDC7MPxwork8jBwsIWA==}
    engines: {node: '>=0.10.0'}

  turbo-darwin-64@2.7.3:
    resolution: {integrity: sha512-aZHhvRiRHXbJw1EcEAq4aws1hsVVUZ9DPuSFaq9VVFAKCup7niIEwc22glxb7240yYEr1vLafdQ2U294Vcwz+w==}
    cpu: [x64]
    os: [darwin]

  turbo-darwin-arm64@2.7.3:
    resolution: {integrity: sha512-CkVrHSq+Bnhl9sX2LQgqQYVfLTWC2gvI74C4758OmU0djfrssDKU9d4YQF0AYXXhIIRZipSXfxClQziIMD+EAg==}
    cpu: [arm64]
    os: [darwin]

  turbo-linux-64@2.7.3:
    resolution: {integrity: sha512-GqDsCNnzzr89kMaLGpRALyigUklzgxIrSy2pHZVXyifgczvYPnLglex78Aj3T2gu+T3trPPH2iJ+pWucVOCC2Q==}
    cpu: [x64]
    os: [linux]

  turbo-linux-arm64@2.7.3:
    resolution: {integrity: sha512-NdCDTfIcIo3dWjsiaAHlxu5gW61Ed/8maah1IAF/9E3EtX0aAHNiBMbuYLZaR4vRJ7BeVkYB6xKWRtdFLZ0y3g==}
    cpu: [arm64]
    os: [linux]

  turbo-windows-64@2.7.3:
    resolution: {integrity: sha512-7bVvO987daXGSJVYBoG8R4Q+csT1pKIgLJYZevXRQ0Hqw0Vv4mKme/TOjYXs9Qb1xMKh51Tb3bXKDbd8/4G08g==}
    cpu: [x64]
    os: [win32]

  turbo-windows-arm64@2.7.3:
    resolution: {integrity: sha512-nTodweTbPmkvwMu/a55XvjMsPtuyUSC+sV7f/SR57K36rB2I0YG21qNETN+00LOTUW9B3omd8XkiXJkt4kx/cw==}
    cpu: [arm64]
    os: [win32]

  turbo@2.7.3:
    resolution: {integrity: sha512-+HjKlP4OfYk+qzvWNETA3cUO5UuK6b5MSc2UJOKyvBceKucQoQGb2g7HlC2H1GHdkfKrk4YF1VPvROkhVZDDLQ==}
    hasBin: true

  yaml@2.8.2:
    resolution: {integrity: sha512-mplynKqc1C2hTVYxd0PU2xQAc22TI1vShAYGksCCfxbn/dFwnHTNi1bvYsBTkhdUNtGIf5xNOg938rrSSYvS9A==}
    engines: {node: '>= 14.6'}
    hasBin: true

  zod@4.3.5:
    resolution: {integrity: sha512-k7Nwx6vuWx1IJ9Bjuf4Zt1PEllcwe7cls3VNzm4CQ1/hgtFUK2bRNG3rvnpPUhFjmqJKAKtjV576KnUkHocg/g==}

snapshots:

  denvig@0.3.0:
    dependencies:
      minimist: 1.2.8
      yaml: 2.8.2
      zod: 4.3.5

  js-tokens@4.0.0: {}

  loose-envify@1.4.0:
    dependencies:
      js-tokens: 4.0.0

  minimist@1.2.8: {}

  react@18.3.1:
    dependencies:
      loose-envify: 1.4.0

  react@19.2.3: {}

  turbo-darwin-64@2.7.3:
    optional: true

  turbo-darwin-arm64@2.7.3:
    optional: true

  turbo-linux-64@2.7.3:
    optional: true

  turbo-linux-arm64@2.7.3:
    optional: true

  turbo-windows-64@2.7.3:
    optional: true

  turbo-windows-arm64@2.7.3:
    optional: true

  turbo@2.7.3:
    optionalDependencies:
      turbo-darwin-64: 2.7.3
      turbo-darwin-arm64: 2.7.3
      turbo-linux-64: 2.7.3
      turbo-linux-arm64: 2.7.3
      turbo-windows-64: 2.7.3
      turbo-windows-arm64: 2.7.3

  yaml@2.8.2: {}

  zod@4.3.5: {}
